// !$*UTF8*$!
{
	archiveVersion = 1;
	classes = {
	};
	objectVersion = 48;
	objects = {

/* Begin PBXBuildFile section */
		1431808320CF58AC0049F8DF /* AppDelegate.swift in Sources */ = {isa = PBXBuildFile; fileRef = 1431808220CF58AC0049F8DF /* AppDelegate.swift */; };
		1431808520CF58AC0049F8DF /* ViewController.swift in Sources */ = {isa = PBXBuildFile; fileRef = 1431808420CF58AC0049F8DF /* ViewController.swift */; };
		1431808820CF58AC0049F8DF /* Main.storyboard in Resources */ = {isa = PBXBuildFile; fileRef = 1431808620CF58AC0049F8DF /* Main.storyboard */; };
		1431808A20CF58AC0049F8DF /* Assets.xcassets in Resources */ = {isa = PBXBuildFile; fileRef = 1431808920CF58AC0049F8DF /* Assets.xcassets */; };
		1431808D20CF58AC0049F8DF /* LaunchScreen.storyboard in Resources */ = {isa = PBXBuildFile; fileRef = 1431808B20CF58AC0049F8DF /* LaunchScreen.storyboard */; };
		1431809820CF58AC0049F8DF /* Extensions_FunTests.swift in Sources */ = {isa = PBXBuildFile; fileRef = 1431809720CF58AC0049F8DF /* Extensions_FunTests.swift */; };
		143180A320CF58AC0049F8DF /* Extensions_FunUITests.swift in Sources */ = {isa = PBXBuildFile; fileRef = 143180A220CF58AC0049F8DF /* Extensions_FunUITests.swift */; };
		143180B120CF6BB00049F8DF /* UIButtonExt.swift in Sources */ = {isa = PBXBuildFile; fileRef = 143180B020CF6BB00049F8DF /* UIButtonExt.swift */; };
		143180B320CF74440049F8DF /* Helpers.swift in Sources */ = {isa = PBXBuildFile; fileRef = 143180B220CF74430049F8DF /* Helpers.swift */; };
/* End PBXBuildFile section */

/* Begin PBXContainerItemProxy section */
		1431809420CF58AC0049F8DF /* PBXContainerItemProxy */ = {
			isa = PBXContainerItemProxy;
			containerPortal = 1431807720CF58AC0049F8DF /* Project object */;
			proxyType = 1;
			remoteGlobalIDString = 1431807E20CF58AC0049F8DF;
			remoteInfo = "Extensions-Fun";
		};
		1431809F20CF58AC0049F8DF /* PBXContainerItemProxy */ = {
			isa = PBXContainerItemProxy;
			containerPortal = 1431807720CF58AC0049F8DF /* Project object */;
			proxyType = 1;
			remoteGlobalIDString = 1431807E20CF58AC0049F8DF;
			remoteInfo = "Extensions-Fun";
		};
/* End PBXContainerItemProxy section */

/* Begin PBXFileReference section */
		1431807F20CF58AC0049F8DF /* Extensions-Fun.app */ = {isa = PBXFileReference; explicitFileType = wrapper.application; includeInIndex = 0; path = "Extensions-Fun.app"; sourceTree = BUILT_PRODUCTS_DIR; };
		1431808220CF58AC0049F8DF /* AppDelegate.swift */ = {isa = PBXFileReference; lastKnownFileType = sourcecode.swift; path = AppDelegate.swift; sourceTree = "<group>"; };
		1431808420CF58AC0049F8DF /* ViewController.swift */ = {isa = PBXFileReference; lastKnownFileType = sourcecode.swift; path = ViewController.swift; sourceTree = "<group>"; };
		1431808720CF58AC0049F8DF /* Base */ = {isa = PBXFileReference; lastKnownFileType = file.storyboard; name = Base; path = Base.lproj/Main.storyboard; sourceTree = "<group>"; };
		1431808920CF58AC0049F8DF /* Assets.xcassets */ = {isa = PBXFileReference; lastKnownFileType = folder.assetcatalog; path = Assets.xcassets; sourceTree = "<group>"; };
		1431808C20CF58AC0049F8DF /* Base */ = {isa = PBXFileReference; lastKnownFileType = file.storyboard; name = Base; path = Base.lproj/LaunchScreen.storyboard; sourceTree = "<group>"; };
		1431808E20CF58AC0049F8DF /* Info.plist */ = {isa = PBXFileReference; lastKnownFileType = text.plist.xml; path = Info.plist; sourceTree = "<group>"; };
		1431809320CF58AC0049F8DF /* Extensions-FunTests.xctest */ = {isa = PBXFileReference; explicitFileType = wrapper.cfbundle; includeInIndex = 0; path = "Extensions-FunTests.xctest"; sourceTree = BUILT_PRODUCTS_DIR; };
		1431809720CF58AC0049F8DF /* Extensions_FunTests.swift */ = {isa = PBXFileReference; lastKnownFileType = sourcecode.swift; path = Extensions_FunTests.swift; sourceTree = "<group>"; };
		1431809920CF58AC0049F8DF /* Info.plist */ = {isa = PBXFileReference; lastKnownFileType = text.plist.xml; path = Info.plist; sourceTree = "<group>"; };
		1431809E20CF58AC0049F8DF /* Extensions-FunUITests.xctest */ = {isa = PBXFileReference; explicitFileType = wrapper.cfbundle; includeInIndex = 0; path = "Extensions-FunUITests.xctest"; sourceTree = BUILT_PRODUCTS_DIR; };
		143180A220CF58AC0049F8DF /* Extensions_FunUITests.swift */ = {isa = PBXFileReference; lastKnownFileType = sourcecode.swift; path = Extensions_FunUITests.swift; sourceTree = "<group>"; };
		143180A420CF58AC0049F8DF /* Info.plist */ = {isa = PBXFileReference; lastKnownFileType = text.plist.xml; path = Info.plist; sourceTree = "<group>"; };
		143180B020CF6BB00049F8DF /* UIButtonExt.swift */ = {isa = PBXFileReference; lastKnownFileType = sourcecode.swift; path = UIButtonExt.swift; sourceTree = "<group>"; };
		143180B220CF74430049F8DF /* Helpers.swift */ = {isa = PBXFileReference; lastKnownFileType = sourcecode.swift; path = Helpers.swift; sourceTree = "<group>"; };
/* End PBXFileReference section */

/* Begin PBXFrameworksBuildPhase section */
		1431807C20CF58AC0049F8DF /* Frameworks */ = {
			isa = PBXFrameworksBuildPhase;
			buildActionMask = 2147483647;
			files = (
			);
			runOnlyForDeploymentPostprocessing = 0;
		};
		1431809020CF58AC0049F8DF /* Frameworks */ = {
			isa = PBXFrameworksBuildPhase;
			buildActionMask = 2147483647;
			files = (
			);
			runOnlyForDeploymentPostprocessing = 0;
		};
		1431809B20CF58AC0049F8DF /* Frameworks */ = {
			isa = PBXFrameworksBuildPhase;
			buildActionMask = 2147483647;
			files = (
			);
			runOnlyForDeploymentPostprocessing = 0;
		};
/* End PBXFrameworksBuildPhase section */

/* Begin PBXGroup section */
		1431807620CF58AC0049F8DF = {
			isa = PBXGroup;
			children = (
				1431808120CF58AC0049F8DF /* Extensions-Fun */,
				1431809620CF58AC0049F8DF /* Extensions-FunTests */,
				143180A120CF58AC0049F8DF /* Extensions-FunUITests */,
				1431808020CF58AC0049F8DF /* Products */,
			);
			sourceTree = "<group>";
		};
		1431808020CF58AC0049F8DF /* Products */ = {
			isa = PBXGroup;
			children = (
				1431807F20CF58AC0049F8DF /* Extensions-Fun.app */,
				1431809320CF58AC0049F8DF /* Extensions-FunTests.xctest */,
				1431809E20CF58AC0049F8DF /* Extensions-FunUITests.xctest */,
			);
			name = Products;
			sourceTree = "<group>";
		};
		1431808120CF58AC0049F8DF /* Extensions-Fun */ = {
			isa = PBXGroup;
			children = (
				1431808220CF58AC0049F8DF /* AppDelegate.swift */,
				1431808420CF58AC0049F8DF /* ViewController.swift */,
				1431808620CF58AC0049F8DF /* Main.storyboard */,
				1431808920CF58AC0049F8DF /* Assets.xcassets */,
				1431808B20CF58AC0049F8DF /* LaunchScreen.storyboard */,
				1431808E20CF58AC0049F8DF /* Info.plist */,
				143180B020CF6BB00049F8DF /* UIButtonExt.swift */,
				143180B220CF74430049F8DF /* Helpers.swift */,
			);
			path = "Extensions-Fun";
			sourceTree = "<group>";
		};
		1431809620CF58AC0049F8DF /* Extensions-FunTests */ = {
			isa = PBXGroup;
			children = (
				1431809720CF58AC0049F8DF /* Extensions_FunTests.swift */,
				1431809920CF58AC0049F8DF /* Info.plist */,
			);
			path = "Extensions-FunTests";
			sourceTree = "<group>";
		};
		143180A120CF58AC0049F8DF /* Extensions-FunUITests */ = {
			isa = PBXGroup;
			children = (
				143180A220CF58AC0049F8DF /* Extensions_FunUITests.swift */,
				143180A420CF58AC0049F8DF /* Info.plist */,
			);
			path = "Extensions-FunUITests";
			sourceTree = "<group>";
		};
/* End PBXGroup section */

/* Begin PBXNativeTarget section */
		1431807E20CF58AC0049F8DF /* Extensions-Fun */ = {
			isa = PBXNativeTarget;
			buildConfigurationList = 143180A720CF58AC0049F8DF /* Build configuration list for PBXNativeTarget "Extensions-Fun" */;
			buildPhases = (
				1431807B20CF58AC0049F8DF /* Sources */,
				1431807C20CF58AC0049F8DF /* Frameworks */,
				1431807D20CF58AC0049F8DF /* Resources */,
			);
			buildRules = (
			);
			dependencies = (
			);
			name = "Extensions-Fun";
			productName = "Extensions-Fun";
			productReference = 1431807F20CF58AC0049F8DF /* Extensions-Fun.app */;
			productType = "com.apple.product-type.application";
		};
		1431809220CF58AC0049F8DF /* Extensions-FunTests */ = {
			isa = PBXNativeTarget;
			buildConfigurationList = 143180AA20CF58AC0049F8DF /* Build configuration list for PBXNativeTarget "Extensions-FunTests" */;
			buildPhases = (
				1431808F20CF58AC0049F8DF /* Sources */,
				1431809020CF58AC0049F8DF /* Frameworks */,
				1431809120CF58AC0049F8DF /* Resources */,
			);
			buildRules = (
			);
			dependencies = (
				1431809520CF58AC0049F8DF /* PBXTargetDependency */,
			);
			name = "Extensions-FunTests";
			productName = "Extensions-FunTests";
			productReference = 1431809320CF58AC0049F8DF /* Extensions-FunTests.xctest */;
			productType = "com.apple.product-type.bundle.unit-test";
		};
		1431809D20CF58AC0049F8DF /* Extensions-FunUITests */ = {
			isa = PBXNativeTarget;
			buildConfigurationList = 143180AD20CF58AC0049F8DF /* Build configuration list for PBXNativeTarget "Extensions-FunUITests" */;
			buildPhases = (
				1431809A20CF58AC0049F8DF /* Sources */,
				1431809B20CF58AC0049F8DF /* Frameworks */,
				1431809C20CF58AC0049F8DF /* Resources */,
			);
			buildRules = (
			);
			dependencies = (
				143180A020CF58AC0049F8DF /* PBXTargetDependency */,
			);
			name = "Extensions-FunUITests";
			productName = "Extensions-FunUITests";
			productReference = 1431809E20CF58AC0049F8DF /* Extensions-FunUITests.xctest */;
			productType = "com.apple.product-type.bundle.ui-testing";
		};
/* End PBXNativeTarget section */

/* Begin PBXProject section */
		1431807720CF58AC0049F8DF /* Project object */ = {
			isa = PBXProject;
			attributes = {
				LastSwiftUpdateCheck = 0920;
				LastUpgradeCheck = 0920;
				ORGANIZATIONNAME = "Sean Casaus";
				TargetAttributes = {
					1431807E20CF58AC0049F8DF = {
						CreatedOnToolsVersion = 9.2;
						ProvisioningStyle = Automatic;
					};
					1431809220CF58AC0049F8DF = {
						CreatedOnToolsVersion = 9.2;
						ProvisioningStyle = Automatic;
						TestTargetID = 1431807E20CF58AC0049F8DF;
					};
					1431809D20CF58AC0049F8DF = {
						CreatedOnToolsVersion = 9.2;
						ProvisioningStyle = Automatic;
						TestTargetID = 1431807E20CF58AC0049F8DF;
					};
				};
			};
			buildConfigurationList = 1431807A20CF58AC0049F8DF /* Build configuration list for PBXProject "Extensions-Fun" */;
			compatibilityVersion = "Xcode 8.0";
			developmentRegion = en;
			hasScannedForEncodings = 0;
			knownRegions = (
				en,
				Base,
			);
			mainGroup = 1431807620CF58AC0049F8DF;
			productRefGroup = 1431808020CF58AC0049F8DF /* Products */;
			projectDirPath = "";
			projectRoot = "";
			targets = (
				1431807E20CF58AC0049F8DF /* Extensions-Fun */,
				1431809220CF58AC0049F8DF /* Extensions-FunTests */,
				1431809D20CF58AC0049F8DF /* Extensions-FunUITests */,
			);
		};
/* End PBXProject section */

/* Begin PBXResourcesBuildPhase section */
		1431807D20CF58AC0049F8DF /* Resources */ = {
			isa = PBXResourcesBuildPhase;
			buildActionMask = 2147483647;
			files = (
				1431808D20CF58AC0049F8DF /* LaunchScreen.storyboard in Resources */,
				1431808A20CF58AC0049F8DF /* Assets.xcassets in Resources */,
				1431808820CF58AC0049F8DF /* Main.storyboard in Resources */,
			);
			runOnlyForDeploymentPostprocessing = 0;
		};
		1431809120CF58AC0049F8DF /* Resources */ = {
			isa = PBXResourcesBuildPhase;
			buildActionMask = 2147483647;
			files = (
			);
			runOnlyForDeploymentPostprocessing = 0;
		};
		1431809C20CF58AC0049F8DF /* Resources */ = {
			isa = PBXResourcesBuildPhase;
			buildActionMask = 2147483647;
			files = (
			);
			runOnlyForDeploymentPostprocessing = 0;
		};
/* End PBXResourcesBuildPhase section */

/* Begin PBXSourcesBuildPhase section */
		1431807B20CF58AC0049F8DF /* Sources */ = {
			isa = PBXSourcesBuildPhase;
			buildActionMask = 2147483647;
			files = (
				1431808520CF58AC0049F8DF /* ViewController.swift in Sources */,
				143180B120CF6BB00049F8DF /* UIButtonExt.swift in Sources */,
				1431808320CF58AC0049F8DF /* AppDelegate.swift in Sources */,
				143180B320CF74440049F8DF /* Helpers.swift in Sources */,
			);
			runOnlyForDeploymentPostprocessing = 0;
		};
		1431808F20CF58AC0049F8DF /* Sources */ = {
			isa = PBXSourcesBuildPhase;
			buildActionMask = 2147483647;
			files = (
				1431809820CF58AC0049F8DF /* Extensions_FunTests.swift in Sources */,
			);
			runOnlyForDeploymentPostprocessing = 0;
		};
		1431809A20CF58AC0049F8DF /* Sources */ = {
			isa = PBXSourcesBuildPhase;
			buildActionMask = 2147483647;
			files = (
				143180A320CF58AC0049F8DF /* Extensions_FunUITests.swift in Sources */,
			);
			runOnlyForDeploymentPostprocessing = 0;
		};
/* End PBXSourcesBuildPhase section */

/* Begin PBXTargetDependency section */
		1431809520CF58AC0049F8DF /* PBXTargetDependency */ = {
			isa = PBXTargetDependency;
			target = 1431807E20CF58AC0049F8DF /* Extensions-Fun */;
			targetProxy = 1431809420CF58AC0049F8DF /* PBXContainerItemProxy */;
		};
		143180A020CF58AC0049F8DF /* PBXTargetDependency */ = {
			isa = PBXTargetDependency;
			target = 1431807E20CF58AC0049F8DF /* Extensions-Fun */;
			targetProxy = 1431809F20CF58AC0049F8DF /* PBXContainerItemProxy */;
		};
/* End PBXTargetDependency section */

/* Begin PBXVariantGroup section */
		1431808620CF58AC0049F8DF /* Main.storyboard */ = {
			isa = PBXVariantGroup;
			children = (
				1431808720CF58AC0049F8DF /* Base */,
			);
			name = Main.storyboard;
			sourceTree = "<group>";
		};
		1431808B20CF58AC0049F8DF /* LaunchScreen.storyboard */ = {
			isa = PBXVariantGroup;
			children = (
				1431808C20CF58AC0049F8DF /* Base */,
			);
			name = LaunchScreen.storyboard;
			sourceTree = "<group>";
		};
/* End PBXVariantGroup section */

/* Begin XCBuildConfiguration section */
		143180A520CF58AC0049F8DF /* Debug */ = {
			isa = XCBuildConfiguration;
			buildSettings = {
				ALWAYS_SEARCH_USER_PATHS = NO;
				CLANG_ANALYZER_NONNULL = YES;
				CLANG_ANALYZER_NUMBER_OBJECT_CONVERSION = YES_AGGRESSIVE;
				CLANG_CXX_LANGUAGE_STANDARD = "gnu++14";
				CLANG_CXX_LIBRARY = "libc++";
				CLANG_ENABLE_MODULES = YES;
				CLANG_ENABLE_OBJC_ARC = YES;
				CLANG_WARN_BLOCK_CAPTURE_AUTORELEASING = YES;
				CLANG_WARN_BOOL_CONVERSION = YES;
				CLANG_WARN_COMMA = YES;
				CLANG_WARN_CONSTANT_CONVERSION = YES;
				CLANG_WARN_DIRECT_OBJC_ISA_USAGE = YES_ERROR;
				CLANG_WARN_DOCUMENTATION_COMMENTS = YES;
				CLANG_WARN_EMPTY_BODY = YES;
				CLANG_WARN_ENUM_CONVERSION = YES;
				CLANG_WARN_INFINITE_RECURSION = YES;
				CLANG_WARN_INT_CONVERSION = YES;
				CLANG_WARN_NON_LITERAL_NULL_CONVERSION = YES;
				CLANG_WARN_OBJC_LITERAL_CONVERSION = YES;
				CLANG_WARN_OBJC_ROOT_CLASS = YES_ERROR;
				CLANG_WARN_RANGE_LOOP_ANALYSIS = YES;
				CLANG_WARN_STRICT_PROTOTYPES = YES;
				CLANG_WARN_SUSPICIOUS_MOVE = YES;
				CLANG_WARN_UNGUARDED_AVAILABILITY = YES_AGGRESSIVE;
				CLANG_WARN_UNREACHABLE_CODE = YES;
				CLANG_WARN__DUPLICATE_METHOD_MATCH = YES;
				CODE_SIGN_IDENTITY = "iPhone Developer";
				COPY_PHASE_STRIP = NO;
				DEBUG_INFORMATION_FORMAT = dwarf;
				ENABLE_STRICT_OBJC_MSGSEND = YES;
				ENABLE_TESTABILITY = YES;
				GCC_C_LANGUAGE_STANDARD = gnu11;
				GCC_DYNAMIC_NO_PIC = NO;
				GCC_NO_COMMON_BLOCKS = YES;
				GCC_OPTIMIZATION_LEVEL = 0;
				GCC_PREPROCESSOR_DEFINITIONS = (
					"DEBUG=1",
					"$(inherited)",
				);
				GCC_WARN_64_TO_32_BIT_CONVERSION = YES;
				GCC_WARN_ABOUT_RETURN_TYPE = YES_ERROR;
				GCC_WARN_UNDECLARED_SELECTOR = YES;
				GCC_WARN_UNINITIALIZED_AUTOS = YES_AGGRESSIVE;
				GCC_WARN_UNUSED_FUNCTION = YES;
				GCC_WARN_UNUSED_VARIABLE = YES;
				IPHONEOS_DEPLOYMENT_TARGET = 11.2;
				MTL_ENABLE_DEBUG_INFO = YES;
				ONLY_ACTIVE_ARCH = YES;
				SDKROOT = iphoneos;
				SWIFT_ACTIVE_COMPILATION_CONDITIONS = DEBUG;
				SWIFT_OPTIMIZATION_LEVEL = "-Onone";
			};
			name = Debug;
		};
		143180A620CF58AC0049F8DF /* Release */ = {
			isa = XCBuildConfiguration;
			buildSettings = {
				ALWAYS_SEARCH_USER_PATHS = NO;
				CLANG_ANALYZER_NONNULL = YES;
				CLANG_ANALYZER_NUMBER_OBJECT_CONVERSION = YES_AGGRESSIVE;
				CLANG_CXX_LANGUAGE_STANDARD = "gnu++14";
				CLANG_CXX_LIBRARY = "libc++";
				CLANG_ENABLE_MODULES = YES;
				CLANG_ENABLE_OBJC_ARC = YES;
				CLANG_WARN_BLOCK_CAPTURE_AUTORELEASING = YES;
				CLANG_WARN_BOOL_CONVERSION = YES;
				CLANG_WARN_COMMA = YES;
				CLANG_WARN_CONSTANT_CONVERSION = YES;
				CLANG_WARN_DIRECT_OBJC_ISA_USAGE = YES_ERROR;
				CLANG_WARN_DOCUMENTATION_COMMENTS = YES;
				CLANG_WARN_EMPTY_BODY = YES;
				CLANG_WARN_ENUM_CONVERSION = YES;
				CLANG_WARN_INFINITE_RECURSION = YES;
				CLANG_WARN_INT_CONVERSION = YES;
				CLANG_WARN_NON_LITERAL_NULL_CONVERSION = YES;
				CLANG_WARN_OBJC_LITERAL_CONVERSION = YES;
				CLANG_WARN_OBJC_ROOT_CLASS = YES_ERROR;
				CLANG_WARN_RANGE_LOOP_ANALYSIS = YES;
				CLANG_WARN_STRICT_PROTOTYPES = YES;
				CLANG_WARN_SUSPICIOUS_MOVE = YES;
				CLANG_WARN_UNGUARDED_AVAILABILITY = YES_AGGRESSIVE;
				CLANG_WARN_UNREACHABLE_CODE = YES;
				CLANG_WARN__DUPLICATE_METHOD_MATCH = YES;
				CODE_SIGN_IDENTITY = "iPhone Developer";
				COPY_PHASE_STRIP = NO;
				DEBUG_INFORMATION_FORMAT = "dwarf-with-dsym";
				ENABLE_NS_ASSERTIONS = NO;
				ENABLE_STRICT_OBJC_MSGSEND = YES;
				GCC_C_LANGUAGE_STANDARD = gnu11;
				GCC_NO_COMMON_BLOCKS = YES;
				GCC_WARN_64_TO_32_BIT_CONVERSION = YES;
				GCC_WARN_ABOUT_RETURN_TYPE = YES_ERROR;
				GCC_WARN_UNDECLARED_SELECTOR = YES;
				GCC_WARN_UNINITIALIZED_AUTOS = YES_AGGRESSIVE;
				GCC_WARN_UNUSED_FUNCTION = YES;
				GCC_WARN_UNUSED_VARIABLE = YES;
				IPHONEOS_DEPLOYMENT_TARGET = 11.2;
				MTL_ENABLE_DEBUG_INFO = NO;
				SDKROOT = iphoneos;
				SWIFT_OPTIMIZATION_LEVEL = "-Owholemodule";
				VALIDATE_PRODUCT = YES;
			};
			name = Release;
		};
		143180A820CF58AC0049F8DF /* Debug */ = {
			isa = XCBuildConfiguration;
			buildSettings = {
				ASSETCATALOG_COMPILER_APPICON_NAME = AppIcon;
				CODE_SIGN_STYLE = Automatic;
				INFOPLIST_FILE = "Extensions-Fun/Info.plist";
				LD_RUNPATH_SEARCH_PATHS = "$(inherited) @executable_path/Frameworks";
				PRODUCT_BUNDLE_IDENTIFIER = "com.seancasaus.Extensions-Fun";
				PRODUCT_NAME = "$(TARGET_NAME)";
				SWIFT_VERSION = 4.0;
				TARGETED_DEVICE_FAMILY = "1,2";
			};
			name = Debug;
		};
		143180A920CF58AC0049F8DF /* Release */ = {
			isa = XCBuildConfiguration;
			buildSettings = {
				ASSETCATALOG_COMPILER_APPICON_NAME = AppIcon;
				CODE_SIGN_STYLE = Automatic;
				INFOPLIST_FILE = "Extensions-Fun/Info.plist";
				LD_RUNPATH_SEARCH_PATHS = "$(inherited) @executable_path/Frameworks";
				PRODUCT_BUNDLE_IDENTIFIER = "com.seancasaus.Extensions-Fun";
				PRODUCT_NAME = "$(TARGET_NAME)";
				SWIFT_VERSION = 4.0;
				TARGETED_DEVICE_FAMILY = "1,2";
			};
			name = Release;
		};
		143180AB20CF58AC0049F8DF /* Debug */ = {
			isa = XCBuildConfiguration;
			buildSettings = {
				ALWAYS_EMBED_SWIFT_STANDARD_LIBRARIES = YES;
				BUNDLE_LOADER = "$(TEST_HOST)";
				CODE_SIGN_STYLE = Automatic;
				INFOPLIST_FILE = "Extensions-FunTests/Info.plist";
				LD_RUNPATH_SEARCH_PATHS = "$(inherited) @executable_path/Frameworks @loader_path/Frameworks";
				PRODUCT_BUNDLE_IDENTIFIER = "com.seancasaus.Extensions-FunTests";
				PRODUCT_NAME = "$(TARGET_NAME)";
				SWIFT_VERSION = 4.0;
				TARGETED_DEVICE_FAMILY = "1,2";
				TEST_HOST = "$(BUILT_PRODUCTS_DIR)/Extensions-Fun.app/Extensions-Fun";
			};
			name = Debug;
		};
		143180AC20CF58AC0049F8DF /* Release */ = {
			isa = XCBuildConfiguration;
			buildSettings = {
				ALWAYS_EMBED_SWIFT_STANDARD_LIBRARIES = YES;
				BUNDLE_LOADER = "$(TEST_HOST)";
				CODE_SIGN_STYLE = Automatic;
				INFOPLIST_FILE = "Extensions-FunTests/Info.plist";
				LD_RUNPATH_SEARCH_PATHS = "$(inherited) @executable_path/Frameworks @loader_path/Frameworks";
				PRODUCT_BUNDLE_IDENTIFIER = "com.seancasaus.Extensions-FunTests";
				PRODUCT_NAME = "$(TARGET_NAME)";
				SWIFT_VERSION = 4.0;
				TARGETED_DEVICE_FAMILY = "1,2";
				TEST_HOST = "$(BUILT_PRODUCTS_DIR)/Extensions-Fun.app/Extensions-Fun";
			};
			name = Release;
		};
		143180AE20CF58AC0049F8DF /* Debug */ = {
			isa = XCBuildConfiguration;
			buildSettings = {
				ALWAYS_EMBED_SWIFT_STANDARD_LIBRARIES = YES;
				CODE_SIGN_STYLE = Automatic;
				INFOPLIST_FILE = "Extensions-FunUITests/Info.plist";
				LD_RUNPATH_SEARCH_PATHS = "$(inherited) @executable_path/Frameworks @loader_path/Frameworks";
				PRODUCT_BUNDLE_IDENTIFIER = "com.seancasaus.Extensions-FunUITests";
				PRODUCT_NAME = "$(TARGET_NAME)";
				SWIFT_VERSION = 4.0;
				TARGETED_DEVICE_FAMILY = "1,2";
				TEST_TARGET_NAME = "Extensions-Fun";
			};
			name = Debug;
		};
		143180AF20CF58AC0049F8DF /* Release */ = {
			isa = XCBuildConfiguration;
			buildSettings = {
				ALWAYS_EMBED_SWIFT_STANDARD_LIBRARIES = YES;
				CODE_SIGN_STYLE = Automatic;
				INFOPLIST_FILE = "Extensions-FunUITests/Info.plist";
				LD_RUNPATH_SEARCH_PATHS = "$(inherited) @executable_path/Frameworks @loader_path/Frameworks";
				PRODUCT_BUNDLE_IDENTIFIER = "com.seancasaus.Extensions-FunUITests";
				PRODUCT_NAME = "$(TARGET_NAME)";
				SWIFT_VERSION = 4.0;
				TARGETED_DEVICE_FAMILY = "1,2";
				TEST_TARGET_NAME = "Extensions-Fun";
			};
			name = Release;
		};
/* End XCBuildConfiguration section */

/* Begin XCConfigurationList section */
		1431807A20CF58AC0049F8DF /* Build configuration list for PBXProject "Extensions-Fun" */ = {
			isa = XCConfigurationList;
			buildConfigurations = (
				143180A520CF58AC0049F8DF /* Debug */,
				143180A620CF58AC0049F8DF /* Release */,
			);
			defaultConfigurationIsVisible = 0;
			defaultConfigurationName = Release;
		};
		143180A720CF58AC0049F8DF /* Build configuration list for PBXNativeTarget "Extensions-Fun" */ = {
			isa = XCConfigurationList;
			buildConfigurations = (
				143180A820CF58AC0049F8DF /* Debug */,
				143180A920CF58AC0049F8DF /* Release */,
			);
			defaultConfigurationIsVisible = 0;
			defaultConfigurationName = Release;
		};
		143180AA20CF58AC0049F8DF /* Build configuration list for PBXNativeTarget "Extensions-FunTests" */ = {
			isa = XCConfigurationList;
			buildConfigurations = (
				143180AB20CF58AC0049F8DF /* Debug */,
				143180AC20CF58AC0049F8DF /* Release */,
			);
			defaultConfigurationIsVisible = 0;
			defaultConfigurationName = Release;
		};
		143180AD20CF58AC0049F8DF /* Build configuration list for PBXNativeTarget "Extensions-FunUITests" */ = {
			isa = XCConfigurationList;
			buildConfigurations = (
				143180AE20CF58AC0049F8DF /* Debug */,
				143180AF20CF58AC0049F8DF /* Release */,
			);
			defaultConfigurationIsVisible = 0;
			defaultConfigurationName = Release;
		};
/* End XCConfigurationList section */
	};
	rootObject = 1431807720CF58AC0049F8DF /* Project object */;
}
